
Microsoft Visual Studio Solution File, Format Version 12.00
# Visual Studio 15
Project("{FAE04EC0-301F-11D3-BF4B-00C04F79EFBC}") = "Assembly-CSharp", "Assembly-CSharp.csproj", "{31695A71-6B87-53BF-3E80-6AE08ABE8458}"
EndProject
Project("{FAE04EC0-301F-11D3-BF4B-00C04F79EFBC}") = "Assembly-CSharp-Editor", "Assembly-CSharp-Editor.csproj", "{AEA24D9B-B187-7C84-914D-64EEFE1D1116}"
EndProject
Global
	GlobalSection(SolutionConfigurationPlatforms) = preSolution
		Debug|Any CPU = Debug|Any CPU
		Release|Any CPU = Release|Any CPU
	EndGlobalSection
	GlobalSection(ProjectConfigurationPlatforms) = postSolution
		{31695A71-6B87-53BF-3E80-6AE08ABE8458}.Debug|Any CPU.ActiveCfg = Debug|Any CPU
		{31695A71-6B87-53BF-3E80-6AE08ABE8458}.Debug|Any CPU.Build.0 = Debug|Any CPU
		{31695A71-6B87-53BF-3E80-6AE08ABE8458}.Release|Any CPU.ActiveCfg = Release|Any CPU
		{31695A71-6B87-53BF-3E80-6AE08ABE8458}.Release|Any CPU.Build.0 = Release|Any CPU
		{AEA24D9B-B187-7C84-914D-64EEFE1D1116}.Debug|Any CPU.ActiveCfg = Debug|Any CPU
		{AEA24D9B-B187-7C84-914D-64EEFE1D1116}.Debug|Any CPU.Build.0 = Debug|Any CPU
		{AEA24D9B-B187-7C84-914D-64EEFE1D1116}.Release|Any CPU.ActiveCfg = Release|Any CPU
		{AEA24D9B-B187-7C84-914D-64EEFE1D1116}.Release|Any CPU.Build.0 = Release|Any CPU
	EndGlobalSection
	GlobalSection(SolutionProperties) = preSolution
		HideSolutionNode = FALSE
	EndGlobalSection
EndGlobal
